{
  "name": "snyk.nvim",
  "version": "0.1.0",
  "lockfileVersion": 2,
  "requires": true,
  "packages": {
    "": {
      "name": "snyk.nvim",
      "version": "0.1.0",
      "license": "ISC",
      "dependencies": {
        "snyk": "^1.944.0"
      }
    },
    "node_modules/snyk": {
      "version": "1.944.0",
      "resolved": "https://registry.npmjs.org/snyk/-/snyk-1.944.0.tgz",
      "integrity": "sha512-cVXRszDrT6kxFZKsbFTGGGTIBr+QlHY/4m9O9n8JhLh/Ik06X8BlRV5uc7vA7xvMwijuqQCd62O+qg5pWU0QeQ==",
      "bin": {
        "snyk": "bin/snyk"
      },
      "engines": {
        "node": ">=12"
      }
    }
  },
  "dependencies": {
    "snyk": {
      "version": "1.944.0",
      "resolved": "https://registry.npmjs.org/snyk/-/snyk-1.944.0.tgz",
      "integrity": "sha512-cVXRszDrT6kxFZKsbFTGGGTIBr+QlHY/4m9O9n8JhLh/Ik06X8BlRV5uc7vA7xvMwijuqQCd62O+qg5pWU0QeQ=="
    }
  }
}
